// !$*UTF8*$!
{
	archiveVersion = 1;
	classes = {
	};
	objectVersion = 48;
	objects = {

/* Begin PBXBuildFile section */
		38B5FCDC7178C33008487194 /* libPods-MovieDBUITests.a in Frameworks */ = {isa = PBXBuildFile; fileRef = EDDEE85F433E691680F568E4 /* libPods-MovieDBUITests.a */; };
		696B59F01FB4643900EE366C /* AppDelegate.m in Sources */ = {isa = PBXBuildFile; fileRef = 696B59EF1FB4643900EE366C /* AppDelegate.m */; };
		696B59F61FB4643900EE366C /* Main.storyboard in Resources */ = {isa = PBXBuildFile; fileRef = 696B59F41FB4643900EE366C /* Main.storyboard */; };
		696B59F91FB4643900EE366C /* MovieDB.xcdatamodeld in Sources */ = {isa = PBXBuildFile; fileRef = 696B59F71FB4643900EE366C /* MovieDB.xcdatamodeld */; };
		696B59FB1FB4643900EE366C /* Assets.xcassets in Resources */ = {isa = PBXBuildFile; fileRef = 696B59FA1FB4643900EE366C /* Assets.xcassets */; };
		696B59FE1FB4643900EE366C /* LaunchScreen.storyboard in Resources */ = {isa = PBXBuildFile; fileRef = 696B59FC1FB4643900EE366C /* LaunchScreen.storyboard */; };
		696B5A011FB4643900EE366C /* main.m in Sources */ = {isa = PBXBuildFile; fileRef = 696B5A001FB4643900EE366C /* main.m */; };
		696B5A0B1FB4643A00EE366C /* MovieDBTests.m in Sources */ = {isa = PBXBuildFile; fileRef = 696B5A0A1FB4643A00EE366C /* MovieDBTests.m */; };
		696B5A161FB4643A00EE366C /* MovieDBUITests.m in Sources */ = {isa = PBXBuildFile; fileRef = 696B5A151FB4643A00EE366C /* MovieDBUITests.m */; };
		696B5A251FB4674B00EE366C /* MovieView.m in Sources */ = {isa = PBXBuildFile; fileRef = 696B5A241FB4674B00EE366C /* MovieView.m */; };
		696B5A281FB4682B00EE366C /* SearchCell.m in Sources */ = {isa = PBXBuildFile; fileRef = 696B5A271FB4682B00EE366C /* SearchCell.m */; };
		696B5A2C1FB4863900EE366C /* ServerAPI.m in Sources */ = {isa = PBXBuildFile; fileRef = 696B5A2A1FB4863800EE366C /* ServerAPI.m */; };
		696B5A3C1FB4869A00EE366C /* AFHTTPSessionManager.m in Sources */ = {isa = PBXBuildFile; fileRef = 696B5A301FB4869A00EE366C /* AFHTTPSessionManager.m */; };
		696B5A3D1FB4869A00EE366C /* AFNetworkReachabilityManager.m in Sources */ = {isa = PBXBuildFile; fileRef = 696B5A331FB4869A00EE366C /* AFNetworkReachabilityManager.m */; };
		696B5A3E1FB4869A00EE366C /* AFSecurityPolicy.m in Sources */ = {isa = PBXBuildFile; fileRef = 696B5A351FB4869A00EE366C /* AFSecurityPolicy.m */; };
		696B5A3F1FB4869A00EE366C /* AFURLRequestSerialization.m in Sources */ = {isa = PBXBuildFile; fileRef = 696B5A371FB4869A00EE366C /* AFURLRequestSerialization.m */; };
		696B5A401FB4869A00EE366C /* AFURLResponseSerialization.m in Sources */ = {isa = PBXBuildFile; fileRef = 696B5A391FB4869A00EE366C /* AFURLResponseSerialization.m */; };
		696B5A411FB4869A00EE366C /* AFURLSessionManager.m in Sources */ = {isa = PBXBuildFile; fileRef = 696B5A3B1FB4869A00EE366C /* AFURLSessionManager.m */; };
		696B5A441FB49A4600EE366C /* MovieDetails.m in Sources */ = {isa = PBXBuildFile; fileRef = 696B5A431FB49A4600EE366C /* MovieDetails.m */; };
		710378DC4770C7819E329A15 /* libPods-MovieDB.a in Frameworks */ = {isa = PBXBuildFile; fileRef = 14EC71C1A1922168E27E1B34 /* libPods-MovieDB.a */; };
		BC0969C5BA969A05A74ED933 /* libPods-MovieDBTests.a in Frameworks */ = {isa = PBXBuildFile; fileRef = 0943536E2B4FCAC241FA02D0 /* libPods-MovieDBTests.a */; };
/* End PBXBuildFile section */

/* Begin PBXContainerItemProxy section */
		696B5A071FB4643A00EE366C /* PBXContainerItemProxy */ = {
			isa = PBXContainerItemProxy;
			containerPortal = 696B59E31FB4643900EE366C /* Project object */;
			proxyType = 1;
			remoteGlobalIDString = 696B59EA1FB4643900EE366C;
			remoteInfo = MovieDB;
		};
		696B5A121FB4643A00EE366C /* PBXContainerItemProxy */ = {
			isa = PBXContainerItemProxy;
			containerPortal = 696B59E31FB4643900EE366C /* Project object */;
			proxyType = 1;
			remoteGlobalIDString = 696B59EA1FB4643900EE366C;
			remoteInfo = MovieDB;
		};
/* End PBXContainerItemProxy section */

/* Begin PBXFileReference section */
		0943536E2B4FCAC241FA02D0 /* libPods-MovieDBTests.a */ = {isa = PBXFileReference; explicitFileType = archive.ar; includeInIndex = 0; path = "libPods-MovieDBTests.a"; sourceTree = BUILT_PRODUCTS_DIR; };
		14EC71C1A1922168E27E1B34 /* libPods-MovieDB.a */ = {isa = PBXFileReference; explicitFileType = archive.ar; includeInIndex = 0; path = "libPods-MovieDB.a"; sourceTree = BUILT_PRODUCTS_DIR; };
		1AC6A580CF58773FC4C3FCAF /* Pods-MovieDBUITests.debug.xcconfig */ = {isa = PBXFileReference; includeInIndex = 1; lastKnownFileType = text.xcconfig; name = "Pods-MovieDBUITests.debug.xcconfig"; path = "Pods/Target Support Files/Pods-MovieDBUITests/Pods-MovieDBUITests.debug.xcconfig"; sourceTree = "<group>"; };
		30CC9E66C5B932A1FAC333ED /* Pods-MovieDB.release.xcconfig */ = {isa = PBXFileReference; includeInIndex = 1; lastKnownFileType = text.xcconfig; name = "Pods-MovieDB.release.xcconfig"; path = "Pods/Target Support Files/Pods-MovieDB/Pods-MovieDB.release.xcconfig"; sourceTree = "<group>"; };
		379B24876FE0419699FF08C0 /* Pods-MovieDBUITests.release.xcconfig */ = {isa = PBXFileReference; includeInIndex = 1; lastKnownFileType = text.xcconfig; name = "Pods-MovieDBUITests.release.xcconfig"; path = "Pods/Target Support Files/Pods-MovieDBUITests/Pods-MovieDBUITests.release.xcconfig"; sourceTree = "<group>"; };
		510A026C2928F9ACF6424477 /* Pods-MovieDBTests.release.xcconfig */ = {isa = PBXFileReference; includeInIndex = 1; lastKnownFileType = text.xcconfig; name = "Pods-MovieDBTests.release.xcconfig"; path = "Pods/Target Support Files/Pods-MovieDBTests/Pods-MovieDBTests.release.xcconfig"; sourceTree = "<group>"; };
		696B59EB1FB4643900EE366C /* MovieDB.app */ = {isa = PBXFileReference; explicitFileType = wrapper.application; includeInIndex = 0; path = MovieDB.app; sourceTree = BUILT_PRODUCTS_DIR; };
		696B59EE1FB4643900EE366C /* AppDelegate.h */ = {isa = PBXFileReference; lastKnownFileType = sourcecode.c.h; path = AppDelegate.h; sourceTree = "<group>"; };
		696B59EF1FB4643900EE366C /* AppDelegate.m */ = {isa = PBXFileReference; lastKnownFileType = sourcecode.c.objc; path = AppDelegate.m; sourceTree = "<group>"; };
		696B59F51FB4643900EE366C /* Base */ = {isa = PBXFileReference; lastKnownFileType = file.storyboard; name = Base; path = Base.lproj/Main.storyboard; sourceTree = "<group>"; };
		696B59F81FB4643900EE366C /* MovieDB.xcdatamodel */ = {isa = PBXFileReference; lastKnownFileType = wrapper.xcdatamodel; path = MovieDB.xcdatamodel; sourceTree = "<group>"; };
		696B59FA1FB4643900EE366C /* Assets.xcassets */ = {isa = PBXFileReference; lastKnownFileType = folder.assetcatalog; path = Assets.xcassets; sourceTree = "<group>"; };
		696B59FD1FB4643900EE366C /* Base */ = {isa = PBXFileReference; lastKnownFileType = file.storyboard; name = Base; path = Base.lproj/LaunchScreen.storyboard; sourceTree = "<group>"; };
		696B59FF1FB4643900EE366C /* Info.plist */ = {isa = PBXFileReference; lastKnownFileType = text.plist.xml; path = Info.plist; sourceTree = "<group>"; };
		696B5A001FB4643900EE366C /* main.m */ = {isa = PBXFileReference; lastKnownFileType = sourcecode.c.objc; path = main.m; sourceTree = "<group>"; };
		696B5A061FB4643A00EE366C /* MovieDBTests.xctest */ = {isa = PBXFileReference; explicitFileType = wrapper.cfbundle; includeInIndex = 0; path = MovieDBTests.xctest; sourceTree = BUILT_PRODUCTS_DIR; };
		696B5A0A1FB4643A00EE366C /* MovieDBTests.m */ = {isa = PBXFileReference; lastKnownFileType = sourcecode.c.objc; path = MovieDBTests.m; sourceTree = "<group>"; };
		696B5A0C1FB4643A00EE366C /* Info.plist */ = {isa = PBXFileReference; lastKnownFileType = text.plist.xml; path = Info.plist; sourceTree = "<group>"; };
		696B5A111FB4643A00EE366C /* MovieDBUITests.xctest */ = {isa = PBXFileReference; explicitFileType = wrapper.cfbundle; includeInIndex = 0; path = MovieDBUITests.xctest; sourceTree = BUILT_PRODUCTS_DIR; };
		696B5A151FB4643A00EE366C /* MovieDBUITests.m */ = {isa = PBXFileReference; lastKnownFileType = sourcecode.c.objc; path = MovieDBUITests.m; sourceTree = "<group>"; };
		696B5A171FB4643A00EE366C /* Info.plist */ = {isa = PBXFileReference; lastKnownFileType = text.plist.xml; path = Info.plist; sourceTree = "<group>"; };
		696B5A231FB4674B00EE366C /* MovieView.h */ = {isa = PBXFileReference; lastKnownFileType = sourcecode.c.h; path = MovieView.h; sourceTree = "<group>"; };
		696B5A241FB4674B00EE366C /* MovieView.m */ = {isa = PBXFileReference; lastKnownFileType = sourcecode.c.objc; path = MovieView.m; sourceTree = "<group>"; };
		696B5A261FB4682B00EE366C /* SearchCell.h */ = {isa = PBXFileReference; lastKnownFileType = sourcecode.c.h; path = SearchCell.h; sourceTree = "<group>"; };
		696B5A271FB4682B00EE366C /* SearchCell.m */ = {isa = PBXFileReference; lastKnownFileType = sourcecode.c.objc; path = SearchCell.m; sourceTree = "<group>"; };
		696B5A291FB4863800EE366C /* ServerAPIDelegate.h */ = {isa = PBXFileReference; fileEncoding = 4; lastKnownFileType = sourcecode.c.h; path = ServerAPIDelegate.h; sourceTree = "<group>"; };
		696B5A2A1FB4863800EE366C /* ServerAPI.m */ = {isa = PBXFileReference; fileEncoding = 4; lastKnownFileType = sourcecode.c.objc; path = ServerAPI.m; sourceTree = "<group>"; };
		696B5A2B1FB4863800EE366C /* ServerAPI.h */ = {isa = PBXFileReference; fileEncoding = 4; lastKnownFileType = sourcecode.c.h; path = ServerAPI.h; sourceTree = "<group>"; };
		696B5A2F1FB4869A00EE366C /* AFHTTPSessionManager.h */ = {isa = PBXFileReference; fileEncoding = 4; lastKnownFileType = sourcecode.c.h; path = AFHTTPSessionManager.h; sourceTree = "<group>"; };
		696B5A301FB4869A00EE366C /* AFHTTPSessionManager.m */ = {isa = PBXFileReference; fileEncoding = 4; lastKnownFileType = sourcecode.c.objc; path = AFHTTPSessionManager.m; sourceTree = "<group>"; };
		696B5A311FB4869A00EE366C /* AFNetworking.h */ = {isa = PBXFileReference; fileEncoding = 4; lastKnownFileType = sourcecode.c.h; path = AFNetworking.h; sourceTree = "<group>"; };
		696B5A321FB4869A00EE366C /* AFNetworkReachabilityManager.h */ = {isa = PBXFileReference; fileEncoding = 4; lastKnownFileType = sourcecode.c.h; path = AFNetworkReachabilityManager.h; sourceTree = "<group>"; };
		696B5A331FB4869A00EE366C /* AFNetworkReachabilityManager.m */ = {isa = PBXFileReference; fileEncoding = 4; lastKnownFileType = sourcecode.c.objc; path = AFNetworkReachabilityManager.m; sourceTree = "<group>"; };
		696B5A341FB4869A00EE366C /* AFSecurityPolicy.h */ = {isa = PBXFileReference; fileEncoding = 4; lastKnownFileType = sourcecode.c.h; path = AFSecurityPolicy.h; sourceTree = "<group>"; };
		696B5A351FB4869A00EE366C /* AFSecurityPolicy.m */ = {isa = PBXFileReference; fileEncoding = 4; lastKnownFileType = sourcecode.c.objc; path = AFSecurityPolicy.m; sourceTree = "<group>"; };
		696B5A361FB4869A00EE366C /* AFURLRequestSerialization.h */ = {isa = PBXFileReference; fileEncoding = 4; lastKnownFileType = sourcecode.c.h; path = AFURLRequestSerialization.h; sourceTree = "<group>"; };
		696B5A371FB4869A00EE366C /* AFURLRequestSerialization.m */ = {isa = PBXFileReference; fileEncoding = 4; lastKnownFileType = sourcecode.c.objc; path = AFURLRequestSerialization.m; sourceTree = "<group>"; };
		696B5A381FB4869A00EE366C /* AFURLResponseSerialization.h */ = {isa = PBXFileReference; fileEncoding = 4; lastKnownFileType = sourcecode.c.h; path = AFURLResponseSerialization.h; sourceTree = "<group>"; };
		696B5A391FB4869A00EE366C /* AFURLResponseSerialization.m */ = {isa = PBXFileReference; fileEncoding = 4; lastKnownFileType = sourcecode.c.objc; path = AFURLResponseSerialization.m; sourceTree = "<group>"; };
		696B5A3A1FB4869A00EE366C /* AFURLSessionManager.h */ = {isa = PBXFileReference; fileEncoding = 4; lastKnownFileType = sourcecode.c.h; path = AFURLSessionManager.h; sourceTree = "<group>"; };
		696B5A3B1FB4869A00EE366C /* AFURLSessionManager.m */ = {isa = PBXFileReference; fileEncoding = 4; lastKnownFileType = sourcecode.c.objc; path = AFURLSessionManager.m; sourceTree = "<group>"; };
		696B5A421FB49A4600EE366C /* MovieDetails.h */ = {isa = PBXFileReference; lastKnownFileType = sourcecode.c.h; path = MovieDetails.h; sourceTree = "<group>"; };
		696B5A431FB49A4600EE366C /* MovieDetails.m */ = {isa = PBXFileReference; lastKnownFileType = sourcecode.c.objc; path = MovieDetails.m; sourceTree = "<group>"; };
		73218752B4876B8E3C632960 /* Pods-MovieDBTests.debug.xcconfig */ = {isa = PBXFileReference; includeInIndex = 1; lastKnownFileType = text.xcconfig; name = "Pods-MovieDBTests.debug.xcconfig"; path = "Pods/Target Support Files/Pods-MovieDBTests/Pods-MovieDBTests.debug.xcconfig"; sourceTree = "<group>"; };
		7EF97C8AAE85B26E35D00A70 /* Pods-MovieDB.debug.xcconfig */ = {isa = PBXFileReference; includeInIndex = 1; lastKnownFileType = text.xcconfig; name = "Pods-MovieDB.debug.xcconfig"; path = "Pods/Target Support Files/Pods-MovieDB/Pods-MovieDB.debug.xcconfig"; sourceTree = "<group>"; };
		EDDEE85F433E691680F568E4 /* libPods-MovieDBUITests.a */ = {isa = PBXFileReference; explicitFileType = archive.ar; includeInIndex = 0; path = "libPods-MovieDBUITests.a"; sourceTree = BUILT_PRODUCTS_DIR; };
/* End PBXFileReference section */

/* Begin PBXFrameworksBuildPhase section */
		696B59E81FB4643900EE366C /* Frameworks */ = {
			isa = PBXFrameworksBuildPhase;
			buildActionMask = 2147483647;
			files = (
				710378DC4770C7819E329A15 /* libPods-MovieDB.a in Frameworks */,
			);
			runOnlyForDeploymentPostprocessing = 0;
		};
		696B5A031FB4643A00EE366C /* Frameworks */ = {
			isa = PBXFrameworksBuildPhase;
			buildActionMask = 2147483647;
			files = (
				BC0969C5BA969A05A74ED933 /* libPods-MovieDBTests.a in Frameworks */,
			);
			runOnlyForDeploymentPostprocessing = 0;
		};
		696B5A0E1FB4643A00EE366C /* Frameworks */ = {
			isa = PBXFrameworksBuildPhase;
			buildActionMask = 2147483647;
			files = (
				38B5FCDC7178C33008487194 /* libPods-MovieDBUITests.a in Frameworks */,
			);
			runOnlyForDeploymentPostprocessing = 0;
		};
/* End PBXFrameworksBuildPhase section */

/* Begin PBXGroup section */
		2997C51853FCEA230C98CF38 /* Frameworks */ = {
			isa = PBXGroup;
			children = (
				14EC71C1A1922168E27E1B34 /* libPods-MovieDB.a */,
				0943536E2B4FCAC241FA02D0 /* libPods-MovieDBTests.a */,
				EDDEE85F433E691680F568E4 /* libPods-MovieDBUITests.a */,
			);
			name = Frameworks;
			sourceTree = "<group>";
		};
		696B59E21FB4643900EE366C = {
			isa = PBXGroup;
			children = (
				696B59ED1FB4643900EE366C /* MovieDB */,
				696B5A091FB4643A00EE366C /* MovieDBTests */,
				696B5A141FB4643A00EE366C /* MovieDBUITests */,
				696B59EC1FB4643900EE366C /* Products */,
				709C2B1C766D9FD312532864 /* Pods */,
				2997C51853FCEA230C98CF38 /* Frameworks */,
			);
			sourceTree = "<group>";
		};
		696B59EC1FB4643900EE366C /* Products */ = {
			isa = PBXGroup;
			children = (
				696B59EB1FB4643900EE366C /* MovieDB.app */,
				696B5A061FB4643A00EE366C /* MovieDBTests.xctest */,
				696B5A111FB4643A00EE366C /* MovieDBUITests.xctest */,
			);
			name = Products;
			sourceTree = "<group>";
		};
		696B59ED1FB4643900EE366C /* MovieDB */ = {
			isa = PBXGroup;
			children = (
				696B5A2E1FB4869A00EE366C /* AFNetworking */,
				696B5A2D1FB4863D00EE366C /* Server_API_Delegates */,
				696B59EE1FB4643900EE366C /* AppDelegate.h */,
				696B59EF1FB4643900EE366C /* AppDelegate.m */,
				696B5A231FB4674B00EE366C /* MovieView.h */,
				696B5A241FB4674B00EE366C /* MovieView.m */,
				696B5A421FB49A4600EE366C /* MovieDetails.h */,
				696B5A431FB49A4600EE366C /* MovieDetails.m */,
				696B5A261FB4682B00EE366C /* SearchCell.h */,
				696B5A271FB4682B00EE366C /* SearchCell.m */,
				696B59F41FB4643900EE366C /* Main.storyboard */,
				696B59FA1FB4643900EE366C /* Assets.xcassets */,
				696B59FC1FB4643900EE366C /* LaunchScreen.storyboard */,
				696B59FF1FB4643900EE366C /* Info.plist */,
				696B5A001FB4643900EE366C /* main.m */,
				696B59F71FB4643900EE366C /* MovieDB.xcdatamodeld */,
			);
			path = MovieDB;
			sourceTree = "<group>";
		};
		696B5A091FB4643A00EE366C /* MovieDBTests */ = {
			isa = PBXGroup;
			children = (
				696B5A0A1FB4643A00EE366C /* MovieDBTests.m */,
				696B5A0C1FB4643A00EE366C /* Info.plist */,
			);
			path = MovieDBTests;
			sourceTree = "<group>";
		};
		696B5A141FB4643A00EE366C /* MovieDBUITests */ = {
			isa = PBXGroup;
			children = (
				696B5A151FB4643A00EE366C /* MovieDBUITests.m */,
				696B5A171FB4643A00EE366C /* Info.plist */,
			);
			path = MovieDBUITests;
			sourceTree = "<group>";
		};
		696B5A2D1FB4863D00EE366C /* Server_API_Delegates */ = {
			isa = PBXGroup;
			children = (
				696B5A2B1FB4863800EE366C /* ServerAPI.h */,
				696B5A2A1FB4863800EE366C /* ServerAPI.m */,
				696B5A291FB4863800EE366C /* ServerAPIDelegate.h */,
			);
			path = Server_API_Delegates;
			sourceTree = "<group>";
		};
		696B5A2E1FB4869A00EE366C /* AFNetworking */ = {
			isa = PBXGroup;
			children = (
				696B5A2F1FB4869A00EE366C /* AFHTTPSessionManager.h */,
				696B5A301FB4869A00EE366C /* AFHTTPSessionManager.m */,
				696B5A311FB4869A00EE366C /* AFNetworking.h */,
				696B5A321FB4869A00EE366C /* AFNetworkReachabilityManager.h */,
				696B5A331FB4869A00EE366C /* AFNetworkReachabilityManager.m */,
				696B5A341FB4869A00EE366C /* AFSecurityPolicy.h */,
				696B5A351FB4869A00EE366C /* AFSecurityPolicy.m */,
				696B5A361FB4869A00EE366C /* AFURLRequestSerialization.h */,
				696B5A371FB4869A00EE366C /* AFURLRequestSerialization.m */,
				696B5A381FB4869A00EE366C /* AFURLResponseSerialization.h */,
				696B5A391FB4869A00EE366C /* AFURLResponseSerialization.m */,
				696B5A3A1FB4869A00EE366C /* AFURLSessionManager.h */,
				696B5A3B1FB4869A00EE366C /* AFURLSessionManager.m */,
			);
			path = AFNetworking;
			sourceTree = "<group>";
		};
		709C2B1C766D9FD312532864 /* Pods */ = {
			isa = PBXGroup;
			children = (
				7EF97C8AAE85B26E35D00A70 /* Pods-MovieDB.debug.xcconfig */,
				30CC9E66C5B932A1FAC333ED /* Pods-MovieDB.release.xcconfig */,
				73218752B4876B8E3C632960 /* Pods-MovieDBTests.debug.xcconfig */,
				510A026C2928F9ACF6424477 /* Pods-MovieDBTests.release.xcconfig */,
				1AC6A580CF58773FC4C3FCAF /* Pods-MovieDBUITests.debug.xcconfig */,
				379B24876FE0419699FF08C0 /* Pods-MovieDBUITests.release.xcconfig */,
			);
			name = Pods;
			sourceTree = "<group>";
		};
/* End PBXGroup section */

/* Begin PBXNativeTarget section */
		696B59EA1FB4643900EE366C /* MovieDB */ = {
			isa = PBXNativeTarget;
			buildConfigurationList = 696B5A1A1FB4643A00EE366C /* Build configuration list for PBXNativeTarget "MovieDB" */;
			buildPhases = (
				C2E9F32C7D6622CB416C3B91 /* [CP] Check Pods Manifest.lock */,
				696B59E71FB4643900EE366C /* Sources */,
				696B59E81FB4643900EE366C /* Frameworks */,
				696B59E91FB4643900EE366C /* Resources */,
				3C4B0596BF8000A7FBEC06C6 /* [CP] Embed Pods Frameworks */,
				39C2EB58ED9A77707AF27EA1 /* [CP] Copy Pods Resources */,
			);
			buildRules = (
			);
			dependencies = (
			);
			name = MovieDB;
			productName = MovieDB;
			productReference = 696B59EB1FB4643900EE366C /* MovieDB.app */;
			productType = "com.apple.product-type.application";
		};
		696B5A051FB4643A00EE366C /* MovieDBTests */ = {
			isa = PBXNativeTarget;
			buildConfigurationList = 696B5A1D1FB4643A00EE366C /* Build configuration list for PBXNativeTarget "MovieDBTests" */;
			buildPhases = (
				B45FB5F7D9DBF68503418E08 /* [CP] Check Pods Manifest.lock */,
				696B5A021FB4643A00EE366C /* Sources */,
				696B5A031FB4643A00EE366C /* Frameworks */,
				696B5A041FB4643A00EE366C /* Resources */,
				132136F525F6AEA1F9A0B274 /* [CP] Embed Pods Frameworks */,
				6B383AAB2DD9FE249533B16D /* [CP] Copy Pods Resources */,
			);
			buildRules = (
			);
			dependencies = (
				696B5A081FB4643A00EE366C /* PBXTargetDependency */,
			);
			name = MovieDBTests;
			productName = MovieDBTests;
			productReference = 696B5A061FB4643A00EE366C /* MovieDBTests.xctest */;
			productType = "com.apple.product-type.bundle.unit-test";
		};
		696B5A101FB4643A00EE366C /* MovieDBUITests */ = {
			isa = PBXNativeTarget;
			buildConfigurationList = 696B5A201FB4643A00EE366C /* Build configuration list for PBXNativeTarget "MovieDBUITests" */;
			buildPhases = (
				724FF6FD3855CC1D3A4F041E /* [CP] Check Pods Manifest.lock */,
				696B5A0D1FB4643A00EE366C /* Sources */,
				696B5A0E1FB4643A00EE366C /* Frameworks */,
				696B5A0F1FB4643A00EE366C /* Resources */,
				3DF57E09BABC19BF36F5C885 /* [CP] Embed Pods Frameworks */,
				D2C59B14771EEDF96465FFD6 /* [CP] Copy Pods Resources */,
			);
			buildRules = (
			);
			dependencies = (
				696B5A131FB4643A00EE366C /* PBXTargetDependency */,
			);
			name = MovieDBUITests;
			productName = MovieDBUITests;
			productReference = 696B5A111FB4643A00EE366C /* MovieDBUITests.xctest */;
			productType = "com.apple.product-type.bundle.ui-testing";
		};
/* End PBXNativeTarget section */

/* Begin PBXProject section */
		696B59E31FB4643900EE366C /* Project object */ = {
			isa = PBXProject;
			attributes = {
				LastUpgradeCheck = 0910;
				TargetAttributes = {
					696B59EA1FB4643900EE366C = {
						CreatedOnToolsVersion = 9.1;
						ProvisioningStyle = Automatic;
					};
					696B5A051FB4643A00EE366C = {
						CreatedOnToolsVersion = 9.1;
						ProvisioningStyle = Automatic;
						TestTargetID = 696B59EA1FB4643900EE366C;
					};
					696B5A101FB4643A00EE366C = {
						CreatedOnToolsVersion = 9.1;
						ProvisioningStyle = Automatic;
						TestTargetID = 696B59EA1FB4643900EE366C;
					};
				};
			};
			buildConfigurationList = 696B59E61FB4643900EE366C /* Build configuration list for PBXProject "MovieDB" */;
			compatibilityVersion = "Xcode 8.0";
			developmentRegion = en;
			hasScannedForEncodings = 0;
			knownRegions = (
				en,
				Base,
			);
			mainGroup = 696B59E21FB4643900EE366C;
			productRefGroup = 696B59EC1FB4643900EE366C /* Products */;
			projectDirPath = "";
			projectRoot = "";
			targets = (
				696B59EA1FB4643900EE366C /* MovieDB */,
				696B5A051FB4643A00EE366C /* MovieDBTests */,
				696B5A101FB4643A00EE366C /* MovieDBUITests */,
			);
		};
/* End PBXProject section */

/* Begin PBXResourcesBuildPhase section */
		696B59E91FB4643900EE366C /* Resources */ = {
			isa = PBXResourcesBuildPhase;
			buildActionMask = 2147483647;
			files = (
				696B59FE1FB4643900EE366C /* LaunchScreen.storyboard in Resources */,
				696B59FB1FB4643900EE366C /* Assets.xcassets in Resources */,
				696B59F61FB4643900EE366C /* Main.storyboard in Resources */,
			);
			runOnlyForDeploymentPostprocessing = 0;
		};
		696B5A041FB4643A00EE366C /* Resources */ = {
			isa = PBXResourcesBuildPhase;
			buildActionMask = 2147483647;
			files = (
			);
			runOnlyForDeploymentPostprocessing = 0;
		};
		696B5A0F1FB4643A00EE366C /* Resources */ = {
			isa = PBXResourcesBuildPhase;
			buildActionMask = 2147483647;
			files = (
			);
			runOnlyForDeploymentPostprocessing = 0;
		};
/* End PBXResourcesBuildPhase section */

/* Begin PBXShellScriptBuildPhase section */
		132136F525F6AEA1F9A0B274 /* [CP] Embed Pods Frameworks */ = {
			isa = PBXShellScriptBuildPhase;
			buildActionMask = 2147483647;
			files = (
			);
			inputPaths = (
			);
			name = "[CP] Embed Pods Frameworks";
			outputPaths = (
			);
			runOnlyForDeploymentPostprocessing = 0;
			shellPath = /bin/sh;
			shellScript = "\"${SRCROOT}/Pods/Target Support Files/Pods-MovieDBTests/Pods-MovieDBTests-frameworks.sh\"\n";
			showEnvVarsInLog = 0;
		};
		39C2EB58ED9A77707AF27EA1 /* [CP] Copy Pods Resources */ = {
			isa = PBXShellScriptBuildPhase;
			buildActionMask = 2147483647;
			files = (
			);
			inputPaths = (
			);
			name = "[CP] Copy Pods Resources";
			outputPaths = (
			);
			runOnlyForDeploymentPostprocessing = 0;
			shellPath = /bin/sh;
			shellScript = "\"${SRCROOT}/Pods/Target Support Files/Pods-MovieDB/Pods-MovieDB-resources.sh\"\n";
			showEnvVarsInLog = 0;
		};
		3C4B0596BF8000A7FBEC06C6 /* [CP] Embed Pods Frameworks */ = {
			isa = PBXShellScriptBuildPhase;
			buildActionMask = 2147483647;
			files = (
			);
			inputPaths = (
			);
			name = "[CP] Embed Pods Frameworks";
			outputPaths = (
			);
			runOnlyForDeploymentPostprocessing = 0;
			shellPath = /bin/sh;
			shellScript = "\"${SRCROOT}/Pods/Target Support Files/Pods-MovieDB/Pods-MovieDB-frameworks.sh\"\n";
			showEnvVarsInLog = 0;
		};
		3DF57E09BABC19BF36F5C885 /* [CP] Embed Pods Frameworks */ = {
			isa = PBXShellScriptBuildPhase;
			buildActionMask = 2147483647;
			files = (
			);
			inputPaths = (
			);
			name = "[CP] Embed Pods Frameworks";
			outputPaths = (
			);
			runOnlyForDeploymentPostprocessing = 0;
			shellPath = /bin/sh;
			shellScript = "\"${SRCROOT}/Pods/Target Support Files/Pods-MovieDBUITests/Pods-MovieDBUITests-frameworks.sh\"\n";
			showEnvVarsInLog = 0;
		};
		6B383AAB2DD9FE249533B16D /* [CP] Copy Pods Resources */ = {
			isa = PBXShellScriptBuildPhase;
			buildActionMask = 2147483647;
			files = (
			);
			inputPaths = (
			);
			name = "[CP] Copy Pods Resources";
			outputPaths = (
			);
			runOnlyForDeploymentPostprocessing = 0;
			shellPath = /bin/sh;
			shellScript = "\"${SRCROOT}/Pods/Target Support Files/Pods-MovieDBTests/Pods-MovieDBTests-resources.sh\"\n";
			showEnvVarsInLog = 0;
		};
		724FF6FD3855CC1D3A4F041E /* [CP] Check Pods Manifest.lock */ = {
			isa = PBXShellScriptBuildPhase;
			buildActionMask = 2147483647;
			files = (
			);
			inputPaths = (
				"${PODS_PODFILE_DIR_PATH}/Podfile.lock",
				"${PODS_ROOT}/Manifest.lock",
			);
			name = "[CP] Check Pods Manifest.lock";
			outputPaths = (
				"$(DERIVED_FILE_DIR)/Pods-MovieDBUITests-checkManifestLockResult.txt",
			);
			runOnlyForDeploymentPostprocessing = 0;
			shellPath = /bin/sh;
			shellScript = "diff \"${PODS_PODFILE_DIR_PATH}/Podfile.lock\" \"${PODS_ROOT}/Manifest.lock\" > /dev/null\nif [ $? != 0 ] ; then\n    # print error to STDERR\n    echo \"error: The sandbox is not in sync with the Podfile.lock. Run 'pod install' or update your CocoaPods installation.\" >&2\n    exit 1\nfi\n# This output is used by Xcode 'outputs' to avoid re-running this script phase.\necho \"SUCCESS\" > \"${SCRIPT_OUTPUT_FILE_0}\"\n";
			showEnvVarsInLog = 0;
		};
		B45FB5F7D9DBF68503418E08 /* [CP] Check Pods Manifest.lock */ = {
			isa = PBXShellScriptBuildPhase;
			buildActionMask = 2147483647;
			files = (
			);
			inputPaths = (
				"${PODS_PODFILE_DIR_PATH}/Podfile.lock",
				"${PODS_ROOT}/Manifest.lock",
			);
			name = "[CP] Check Pods Manifest.lock";
			outputPaths = (
				"$(DERIVED_FILE_DIR)/Pods-MovieDBTests-checkManifestLockResult.txt",
			);
			runOnlyForDeploymentPostprocessing = 0;
			shellPath = /bin/sh;
			shellScript = "diff \"${PODS_PODFILE_DIR_PATH}/Podfile.lock\" \"${PODS_ROOT}/Manifest.lock\" > /dev/null\nif [ $? != 0 ] ; then\n    # print error to STDERR\n    echo \"error: The sandbox is not in sync with the Podfile.lock. Run 'pod install' or update your CocoaPods installation.\" >&2\n    exit 1\nfi\n# This output is used by Xcode 'outputs' to avoid re-running this script phase.\necho \"SUCCESS\" > \"${SCRIPT_OUTPUT_FILE_0}\"\n";
			showEnvVarsInLog = 0;
		};
		C2E9F32C7D6622CB416C3B91 /* [CP] Check Pods Manifest.lock */ = {
			isa = PBXShellScriptBuildPhase;
			buildActionMask = 2147483647;
			files = (
			);
			inputPaths = (
				"${PODS_PODFILE_DIR_PATH}/Podfile.lock",
				"${PODS_ROOT}/Manifest.lock",
			);
			name = "[CP] Check Pods Manifest.lock";
			outputPaths = (
				"$(DERIVED_FILE_DIR)/Pods-MovieDB-checkManifestLockResult.txt",
			);
			runOnlyForDeploymentPostprocessing = 0;
			shellPath = /bin/sh;
			shellScript = "diff \"${PODS_PODFILE_DIR_PATH}/Podfile.lock\" \"${PODS_ROOT}/Manifest.lock\" > /dev/null\nif [ $? != 0 ] ; then\n    # print error to STDERR\n    echo \"error: The sandbox is not in sync with the Podfile.lock. Run 'pod install' or update your CocoaPods installation.\" >&2\n    exit 1\nfi\n# This output is used by Xcode 'outputs' to avoid re-running this script phase.\necho \"SUCCESS\" > \"${SCRIPT_OUTPUT_FILE_0}\"\n";
			showEnvVarsInLog = 0;
		};
		D2C59B14771EEDF96465FFD6 /* [CP] Copy Pods Resources */ = {
			isa = PBXShellScriptBuildPhase;
			buildActionMask = 2147483647;
			files = (
			);
			inputPaths = (
			);
			name = "[CP] Copy Pods Resources";
			outputPaths = (
			);
			runOnlyForDeploymentPostprocessing = 0;
			shellPath = /bin/sh;
			shellScript = "\"${SRCROOT}/Pods/Target Support Files/Pods-MovieDBUITests/Pods-MovieDBUITests-resources.sh\"\n";
			showEnvVarsInLog = 0;
		};
/* End PBXShellScriptBuildPhase section */

/* Begin PBXSourcesBuildPhase section */
		696B59E71FB4643900EE366C /* Sources */ = {
			isa = PBXSourcesBuildPhase;
			buildActionMask = 2147483647;
			files = (
				696B5A251FB4674B00EE366C /* MovieView.m in Sources */,
				696B5A3E1FB4869A00EE366C /* AFSecurityPolicy.m in Sources */,
				696B5A2C1FB4863900EE366C /* ServerAPI.m in Sources */,
				696B59F91FB4643900EE366C /* MovieDB.xcdatamodeld in Sources */,
				696B5A441FB49A4600EE366C /* MovieDetails.m in Sources */,
				696B5A401FB4869A00EE366C /* AFURLResponseSerialization.m in Sources */,
				696B5A281FB4682B00EE366C /* SearchCell.m in Sources */,
				696B5A011FB4643900EE366C /* main.m in Sources */,
				696B5A3C1FB4869A00EE366C /* AFHTTPSessionManager.m in Sources */,
				696B5A3F1FB4869A00EE366C /* AFURLRequestSerialization.m in Sources */,
				696B5A411FB4869A00EE366C /* AFURLSessionManager.m in Sources */,
				696B5A3D1FB4869A00EE366C /* AFNetworkReachabilityManager.m in Sources */,
				696B59F01FB4643900EE366C /* AppDelegate.m in Sources */,
			);
			runOnlyForDeploymentPostprocessing = 0;
		};
		696B5A021FB4643A00EE366C /* Sources */ = {
			isa = PBXSourcesBuildPhase;
			buildActionMask = 2147483647;
			files = (
				696B5A0B1FB4643A00EE366C /* MovieDBTests.m in Sources */,
			);
			runOnlyForDeploymentPostprocessing = 0;
		};
		696B5A0D1FB4643A00EE366C /* Sources */ = {
			isa = PBXSourcesBuildPhase;
			buildActionMask = 2147483647;
			files = (
				696B5A161FB4643A00EE366C /* MovieDBUITests.m in Sources */,
			);
			runOnlyForDeploymentPostprocessing = 0;
		};
/* End PBXSourcesBuildPhase section */

/* Begin PBXTargetDependency section */
		696B5A081FB4643A00EE366C /* PBXTargetDependency */ = {
			isa = PBXTargetDependency;
			target = 696B59EA1FB4643900EE366C /* MovieDB */;
			targetProxy = 696B5A071FB4643A00EE366C /* PBXContainerItemProxy */;
		};
		696B5A131FB4643A00EE366C /* PBXTargetDependency */ = {
			isa = PBXTargetDependency;
			target = 696B59EA1FB4643900EE366C /* MovieDB */;
			targetProxy = 696B5A121FB4643A00EE366C /* PBXContainerItemProxy */;
		};
/* End PBXTargetDependency section */

/* Begin PBXVariantGroup section */
		696B59F41FB4643900EE366C /* Main.storyboard */ = {
			isa = PBXVariantGroup;
			children = (
				696B59F51FB4643900EE366C /* Base */,
			);
			name = Main.storyboard;
			sourceTree = "<group>";
		};
		696B59FC1FB4643900EE366C /* LaunchScreen.storyboard */ = {
			isa = PBXVariantGroup;
			children = (
				696B59FD1FB4643900EE366C /* Base */,
			);
			name = LaunchScreen.storyboard;
			sourceTree = "<group>";
		};
/* End PBXVariantGroup section */

/* Begin XCBuildConfiguration section */
		696B5A181FB4643A00EE366C /* Debug */ = {
			isa = XCBuildConfiguration;
			buildSettings = {
				ALWAYS_SEARCH_USER_PATHS = NO;
				CLANG_ANALYZER_NONNULL = YES;
				CLANG_ANALYZER_NUMBER_OBJECT_CONVERSION = YES_AGGRESSIVE;
				CLANG_CXX_LANGUAGE_STANDARD = "gnu++14";
				CLANG_CXX_LIBRARY = "libc++";
				CLANG_ENABLE_MODULES = YES;
				CLANG_ENABLE_OBJC_ARC = YES;
				CLANG_WARN_BLOCK_CAPTURE_AUTORELEASING = YES;
				CLANG_WARN_BOOL_CONVERSION = YES;
				CLANG_WARN_COMMA = YES;
				CLANG_WARN_CONSTANT_CONVERSION = YES;
				CLANG_WARN_DIRECT_OBJC_ISA_USAGE = YES_ERROR;
				CLANG_WARN_DOCUMENTATION_COMMENTS = YES;
				CLANG_WARN_EMPTY_BODY = YES;
				CLANG_WARN_ENUM_CONVERSION = YES;
				CLANG_WARN_INFINITE_RECURSION = YES;
				CLANG_WARN_INT_CONVERSION = YES;
				CLANG_WARN_NON_LITERAL_NULL_CONVERSION = YES;
				CLANG_WARN_OBJC_LITERAL_CONVERSION = YES;
				CLANG_WARN_OBJC_ROOT_CLASS = YES_ERROR;
				CLANG_WARN_RANGE_LOOP_ANALYSIS = YES;
				CLANG_WARN_STRICT_PROTOTYPES = YES;
				CLANG_WARN_SUSPICIOUS_MOVE = YES;
				CLANG_WARN_UNGUARDED_AVAILABILITY = YES_AGGRESSIVE;
				CLANG_WARN_UNREACHABLE_CODE = YES;
				CLANG_WARN__DUPLICATE_METHOD_MATCH = YES;
				CODE_SIGN_IDENTITY = "iPhone Developer";
				COPY_PHASE_STRIP = NO;
				DEBUG_INFORMATION_FORMAT = dwarf;
				ENABLE_STRICT_OBJC_MSGSEND = YES;
				ENABLE_TESTABILITY = YES;
				GCC_C_LANGUAGE_STANDARD = gnu11;
				GCC_DYNAMIC_NO_PIC = NO;
				GCC_NO_COMMON_BLOCKS = YES;
				GCC_OPTIMIZATION_LEVEL = 0;
				GCC_PREPROCESSOR_DEFINITIONS = (
					"DEBUG=1",
					"$(inherited)",
				);
				GCC_WARN_64_TO_32_BIT_CONVERSION = YES;
				GCC_WARN_ABOUT_RETURN_TYPE = YES_ERROR;
				GCC_WARN_UNDECLARED_SELECTOR = YES;
				GCC_WARN_UNINITIALIZED_AUTOS = YES_AGGRESSIVE;
				GCC_WARN_UNUSED_FUNCTION = YES;
				GCC_WARN_UNUSED_VARIABLE = YES;
				IPHONEOS_DEPLOYMENT_TARGET = 11.1;
				MTL_ENABLE_DEBUG_INFO = YES;
				ONLY_ACTIVE_ARCH = YES;
				SDKROOT = iphoneos;
			};
			name = Debug;
		};
		696B5A191FB4643A00EE366C /* Release */ = {
			isa = XCBuildConfiguration;
			buildSettings = {
				ALWAYS_SEARCH_USER_PATHS = NO;
				CLANG_ANALYZER_NONNULL = YES;
				CLANG_ANALYZER_NUMBER_OBJECT_CONVERSION = YES_AGGRESSIVE;
				CLANG_CXX_LANGUAGE_STANDARD = "gnu++14";
				CLANG_CXX_LIBRARY = "libc++";
				CLANG_ENABLE_MODULES = YES;
				CLANG_ENABLE_OBJC_ARC = YES;
				CLANG_WARN_BLOCK_CAPTURE_AUTORELEASING = YES;
				CLANG_WARN_BOOL_CONVERSION = YES;
				CLANG_WARN_COMMA = YES;
				CLANG_WARN_CONSTANT_CONVERSION = YES;
				CLANG_WARN_DIRECT_OBJC_ISA_USAGE = YES_ERROR;
				CLANG_WARN_DOCUMENTATION_COMMENTS = YES;
				CLANG_WARN_EMPTY_BODY = YES;
				CLANG_WARN_ENUM_CONVERSION = YES;
				CLANG_WARN_INFINITE_RECURSION = YES;
				CLANG_WARN_INT_CONVERSION = YES;
				CLANG_WARN_NON_LITERAL_NULL_CONVERSION = YES;
				CLANG_WARN_OBJC_LITERAL_CONVERSION = YES;
				CLANG_WARN_OBJC_ROOT_CLASS = YES_ERROR;
				CLANG_WARN_RANGE_LOOP_ANALYSIS = YES;
				CLANG_WARN_STRICT_PROTOTYPES = YES;
				CLANG_WARN_SUSPICIOUS_MOVE = YES;
				CLANG_WARN_UNGUARDED_AVAILABILITY = YES_AGGRESSIVE;
				CLANG_WARN_UNREACHABLE_CODE = YES;
				CLANG_WARN__DUPLICATE_METHOD_MATCH = YES;
				CODE_SIGN_IDENTITY = "iPhone Developer";
				COPY_PHASE_STRIP = NO;
				DEBUG_INFORMATION_FORMAT = "dwarf-with-dsym";
				ENABLE_NS_ASSERTIONS = NO;
				ENABLE_STRICT_OBJC_MSGSEND = YES;
				GCC_C_LANGUAGE_STANDARD = gnu11;
				GCC_NO_COMMON_BLOCKS = YES;
				GCC_WARN_64_TO_32_BIT_CONVERSION = YES;
				GCC_WARN_ABOUT_RETURN_TYPE = YES_ERROR;
				GCC_WARN_UNDECLARED_SELECTOR = YES;
				GCC_WARN_UNINITIALIZED_AUTOS = YES_AGGRESSIVE;
				GCC_WARN_UNUSED_FUNCTION = YES;
				GCC_WARN_UNUSED_VARIABLE = YES;
				IPHONEOS_DEPLOYMENT_TARGET = 11.1;
				MTL_ENABLE_DEBUG_INFO = NO;
				SDKROOT = iphoneos;
				VALIDATE_PRODUCT = YES;
			};
			name = Release;
		};
		696B5A1B1FB4643A00EE366C /* Debug */ = {
			isa = XCBuildConfiguration;
			baseConfigurationReference = 7EF97C8AAE85B26E35D00A70 /* Pods-MovieDB.debug.xcconfig */;
			buildSettings = {
				ASSETCATALOG_COMPILER_APPICON_NAME = AppIcon;
				CODE_SIGN_STYLE = Automatic;
				INFOPLIST_FILE = MovieDB/Info.plist;
				LD_RUNPATH_SEARCH_PATHS = "$(inherited) @executable_path/Frameworks";
				PRODUCT_BUNDLE_IDENTIFIER = com.MovieDB;
				PRODUCT_NAME = "$(TARGET_NAME)";
				TARGETED_DEVICE_FAMILY = "1,2";
			};
			name = Debug;
		};
		696B5A1C1FB4643A00EE366C /* Release */ = {
			isa = XCBuildConfiguration;
			baseConfigurationReference = 30CC9E66C5B932A1FAC333ED /* Pods-MovieDB.release.xcconfig */;
			buildSettings = {
				ASSETCATALOG_COMPILER_APPICON_NAME = AppIcon;
				CODE_SIGN_STYLE = Automatic;
				INFOPLIST_FILE = MovieDB/Info.plist;
				LD_RUNPATH_SEARCH_PATHS = "$(inherited) @executable_path/Frameworks";
				PRODUCT_BUNDLE_IDENTIFIER = com.MovieDB;
				PRODUCT_NAME = "$(TARGET_NAME)";
				TARGETED_DEVICE_FAMILY = "1,2";
			};
			name = Release;
		};
		696B5A1E1FB4643A00EE366C /* Debug */ = {
			isa = XCBuildConfiguration;
			baseConfigurationReference = 73218752B4876B8E3C632960 /* Pods-MovieDBTests.debug.xcconfig */;
			buildSettings = {
				BUNDLE_LOADER = "$(TEST_HOST)";
				CODE_SIGN_STYLE = Automatic;
				INFOPLIST_FILE = MovieDBTests/Info.plist;
				LD_RUNPATH_SEARCH_PATHS = "$(inherited) @executable_path/Frameworks @loader_path/Frameworks";
				PRODUCT_BUNDLE_IDENTIFIER = com.MovieDBTests;
				PRODUCT_NAME = "$(TARGET_NAME)";
				TARGETED_DEVICE_FAMILY = "1,2";
				TEST_HOST = "$(BUILT_PRODUCTS_DIR)/MovieDB.app/MovieDB";
			};
			name = Debug;
		};
		696B5A1F1FB4643A00EE366C /* Release */ = {
			isa = XCBuildConfiguration;
			baseConfigurationReference = 510A026C2928F9ACF6424477 /* Pods-MovieDBTests.release.xcconfig */;
			buildSettings = {
				BUNDLE_LOADER = "$(TEST_HOST)";
				CODE_SIGN_STYLE = Automatic;
				INFOPLIST_FILE = MovieDBTests/Info.plist;
				LD_RUNPATH_SEARCH_PATHS = "$(inherited) @executable_path/Frameworks @loader_path/Frameworks";
				PRODUCT_BUNDLE_IDENTIFIER = com.MovieDBTests;
				PRODUCT_NAME = "$(TARGET_NAME)";
				TARGETED_DEVICE_FAMILY = "1,2";
				TEST_HOST = "$(BUILT_PRODUCTS_DIR)/MovieDB.app/MovieDB";
			};
			name = Release;
		};
		696B5A211FB4643A00EE366C /* Debug */ = {
			isa = XCBuildConfiguration;
			baseConfigurationReference = 1AC6A580CF58773FC4C3FCAF /* Pods-MovieDBUITests.debug.xcconfig */;
			buildSettings = {
				CODE_SIGN_STYLE = Automatic;
				INFOPLIST_FILE = MovieDBUITests/Info.plist;
				LD_RUNPATH_SEARCH_PATHS = "$(inherited) @executable_path/Frameworks @loader_path/Frameworks";
				PRODUCT_BUNDLE_IDENTIFIER = com.MovieDBUITests;
				PRODUCT_NAME = "$(TARGET_NAME)";
				TARGETED_DEVICE_FAMILY = "1,2";
				TEST_TARGET_NAME = MovieDB;
			};
			name = Debug;
		};
		696B5A221FB4643A00EE366C /* Release */ = {
			isa = XCBuildConfiguration;
			baseConfigurationReference = 379B24876FE0419699FF08C0 /* Pods-MovieDBUITests.release.xcconfig */;
			buildSettings = {
				CODE_SIGN_STYLE = Automatic;
				INFOPLIST_FILE = MovieDBUITests/Info.plist;
				LD_RUNPATH_SEARCH_PATHS = "$(inherited) @executable_path/Frameworks @loader_path/Frameworks";
				PRODUCT_BUNDLE_IDENTIFIER = com.MovieDBUITests;
				PRODUCT_NAME = "$(TARGET_NAME)";
				TARGETED_DEVICE_FAMILY = "1,2";
				TEST_TARGET_NAME = MovieDB;
			};
			name = Release;
		};
/* End XCBuildConfiguration section */

/* Begin XCConfigurationList section */
		696B59E61FB4643900EE366C /* Build configuration list for PBXProject "MovieDB" */ = {
			isa = XCConfigurationList;
			buildConfigurations = (
				696B5A181FB4643A00EE366C /* Debug */,
				696B5A191FB4643A00EE366C /* Release */,
			);
			defaultConfigurationIsVisible = 0;
			defaultConfigurationName = Release;
		};
		696B5A1A1FB4643A00EE366C /* Build configuration list for PBXNativeTarget "MovieDB" */ = {
			isa = XCConfigurationList;
			buildConfigurations = (
				696B5A1B1FB4643A00EE366C /* Debug */,
				696B5A1C1FB4643A00EE366C /* Release */,
			);
			defaultConfigurationIsVisible = 0;
			defaultConfigurationName = Release;
		};
		696B5A1D1FB4643A00EE366C /* Build configuration list for PBXNativeTarget "MovieDBTests" */ = {
			isa = XCConfigurationList;
			buildConfigurations = (
				696B5A1E1FB4643A00EE366C /* Debug */,
				696B5A1F1FB4643A00EE366C /* Release */,
			);
			defaultConfigurationIsVisible = 0;
			defaultConfigurationName = Release;
		};
		696B5A201FB4643A00EE366C /* Build configuration list for PBXNativeTarget "MovieDBUITests" */ = {
			isa = XCConfigurationList;
			buildConfigurations = (
				696B5A211FB4643A00EE366C /* Debug */,
				696B5A221FB4643A00EE366C /* Release */,
			);
			defaultConfigurationIsVisible = 0;
			defaultConfigurationName = Release;
		};
/* End XCConfigurationList section */

/* Begin XCVersionGroup section */
		696B59F71FB4643900EE366C /* MovieDB.xcdatamodeld */ = {
			isa = XCVersionGroup;
			children = (
				696B59F81FB4643900EE366C /* MovieDB.xcdatamodel */,
			);
			currentVersion = 696B59F81FB4643900EE366C /* MovieDB.xcdatamodel */;
			path = MovieDB.xcdatamodeld;
			sourceTree = "<group>";
			versionGroupType = wrapper.xcdatamodel;
		};
/* End XCVersionGroup section */
	};
	rootObject = 696B59E31FB4643900EE366C /* Project object */;
}
